<?xml version="1.0" encoding="utf-8"?>
<Project ToolsVersion="4.0" xmlns="http://schemas.microsoft.com/developer/msbuild/2003">
  <ItemGroup>
    <Filter Include="Source Files">
      <UniqueIdentifier>{4FC737F1-C7A5-4376-A066-2A32D752A2FF}</UniqueIdentifier>
      <Extensions>cpp;c;cc;cxx;def;odl;idl;hpj;bat;asm;asmx</Extensions>
    </Filter>
    <Filter Include="Header Files">
      <UniqueIdentifier>{93995380-89BD-4b04-88EB-625FBE52EBFB}</UniqueIdentifier>
      <Extensions>h;hh;hpp;hxx;hm;inl;inc;xsd</Extensions>
    </Filter>
    <Filter Include="Resource Files">
      <UniqueIdentifier>{67DA6AB6-F800-4c08-8B7A-83BB121AAD01}</UniqueIdentifier>
      <Extensions>rc;ico;cur;bmp;dlg;rc2;rct;bin;rgs;gif;jpg;jpeg;jpe;resx;tiff;tif;png;wav;mfcribbon-ms</Extensions>
    </Filter>
    <Filter Include="APISS">
      <UniqueIdentifier>{34c8af02-6882-478e-b971-f8835d540bfd}</UniqueIdentifier>
    </Filter>
    <Filter Include="common_bus">
      <UniqueIdentifier>{44199a5d-40df-4986-9ce5-3a3264011a1c}</UniqueIdentifier>
    </Filter>
  </ItemGroup>
  <ItemGroup>
    <ClCompile Include="..\..\CoreFunction.cpp">
      <Filter>Source Files</Filter>
    </ClCompile>
    <ClCompile Include="..\..\MASTER.cpp">
      <Filter>Source Files</Filter>
    </ClCompile>
    <ClCompile Include="..\..\MemoryFunction.cpp">
      <Filter>Source Files</Filter>
    </ClCompile>
    <ClCompile Include="..\..\SLAVE.cpp">
      <Filter>Source Files</Filter>
    </ClCompile>
    <ClCompile Include="D:\202211_prj_MCS_ATU_FixBug_Phase2\environment\ATU6_Output_64bit\ENV\tb\SCHEAPG4\scheapCompile\models\common\CmErrMsg.cpp">
      <Filter>Resource Files</Filter>
    </ClCompile>
    <ClCompile Include="D:\202211_prj_MCS_ATU_FixBug_Phase2\environment\ATU6_Output_64bit\ENV\tb\SCHEAPG4\scheapCompile\models\common\CmReport.cpp">
      <Filter>Resource Files</Filter>
    </ClCompile>
    <ClCompile Include="D:\202211_prj_MCS_ATU_FixBug_Phase2\environment\ATU6_Output_64bit\ENV\tb\SCHEAPG4\scheapCompile\models\common\Common.cpp">
      <Filter>Resource Files</Filter>
    </ClCompile>
    <ClCompile Include="D:\202211_prj_MCS_ATU_FixBug_Phase2\environment\ATU6_Output_64bit\ENV\tb\SCHEAPG4\scheapCompile\models\common\G4_CommonPrototype.cpp">
      <Filter>Resource Files</Filter>
    </ClCompile>
    <ClCompile Include="D:\202211_prj_MCS_ATU_FixBug_Phase2\environment\ATU6_Output_64bit\ENV\tb\SCHEAPG4\scheapCompile\models\common\g_reg.cpp">
      <Filter>Resource Files</Filter>
    </ClCompile>
    <ClCompile Include="D:\202211_prj_MCS_ATU_FixBug_Phase2\environment\ATU6_Output_64bit\ENV\tb\SCHEAPG4\scheapCompile\models\common\OrUnit.cpp">
      <Filter>Resource Files</Filter>
    </ClCompile>
    <ClCompile Include="D:\202211_prj_MCS_ATU_FixBug_Phase2\environment\ATU6_Output_64bit\ENV\tb\SCHEAPG4\scheapCompile\models\common\SELF2DEST.cpp">
      <Filter>Resource Files</Filter>
    </ClCompile>
    <ClCompile Include="D:\202211_prj_MCS_ATU_FixBug_Phase2\environment\ATU6_Output_64bit\ENV\tb\SCHEAPG4\scheapCompile\models\common\SELF2DEST_BASE.cpp">
      <Filter>Resource Files</Filter>
    </ClCompile>
    <ClCompile Include="..\..\main.cpp">
      <Filter>Source Files</Filter>
    </ClCompile>
    <ClCompile Include="..\..\APISS\APISS.cpp">
      <Filter>APISS</Filter>
    </ClCompile>
  </ItemGroup>
  <ItemGroup>
    <ClInclude Include="..\..\CoreFunction.h">
      <Filter>Source Files</Filter>
    </ClInclude>
    <ClInclude Include="..\..\MASTER.h">
      <Filter>Source Files</Filter>
    </ClInclude>
    <ClInclude Include="..\..\MemoryFunction.h">
      <Filter>Source Files</Filter>
    </ClInclude>
    <ClInclude Include="..\..\SLAVE.h">
      <Filter>Source Files</Filter>
    </ClInclude>
    <ClInclude Include="D:\202211_prj_MCS_ATU_FixBug_Phase2\environment\ATU6_Output_64bit\ENV\tb\SCHEAPG4\scheapCompile\models\common\additionalGlobal.h">
      <Filter>Resource Files</Filter>
    </ClInclude>
    <ClInclude Include="D:\202211_prj_MCS_ATU_FixBug_Phase2\environment\ATU6_Output_64bit\ENV\tb\SCHEAPG4\scheapCompile\models\common\BusMasterBase.h">
      <Filter>Resource Files</Filter>
    </ClInclude>
    <ClInclude Include="D:\202211_prj_MCS_ATU_FixBug_Phase2\environment\ATU6_Output_64bit\ENV\tb\SCHEAPG4\scheapCompile\models\common\BusMasterFuncIf.h">
      <Filter>Resource Files</Filter>
    </ClInclude>
    <ClInclude Include="D:\202211_prj_MCS_ATU_FixBug_Phase2\environment\ATU6_Output_64bit\ENV\tb\SCHEAPG4\scheapCompile\models\common\BusMasterIf.h">
      <Filter>Resource Files</Filter>
    </ClInclude>
    <ClInclude Include="D:\202211_prj_MCS_ATU_FixBug_Phase2\environment\ATU6_Output_64bit\ENV\tb\SCHEAPG4\scheapCompile\models\common\BusSlaveBase.h">
      <Filter>Resource Files</Filter>
    </ClInclude>
    <ClInclude Include="D:\202211_prj_MCS_ATU_FixBug_Phase2\environment\ATU6_Output_64bit\ENV\tb\SCHEAPG4\scheapCompile\models\common\BusSlaveFuncIf.h">
      <Filter>Resource Files</Filter>
    </ClInclude>
    <ClInclude Include="D:\202211_prj_MCS_ATU_FixBug_Phase2\environment\ATU6_Output_64bit\ENV\tb\SCHEAPG4\scheapCompile\models\common\BusSlaveIf.h">
      <Filter>Resource Files</Filter>
    </ClInclude>
    <ClInclude Include="D:\202211_prj_MCS_ATU_FixBug_Phase2\environment\ATU6_Output_64bit\ENV\tb\SCHEAPG4\scheapCompile\models\common\BusTimeBase.h">
      <Filter>Resource Files</Filter>
    </ClInclude>
    <ClInclude Include="D:\202211_prj_MCS_ATU_FixBug_Phase2\environment\ATU6_Output_64bit\ENV\tb\SCHEAPG4\scheapCompile\models\common\CmErrMsg.h">
      <Filter>Resource Files</Filter>
    </ClInclude>
    <ClInclude Include="D:\202211_prj_MCS_ATU_FixBug_Phase2\environment\ATU6_Output_64bit\ENV\tb\SCHEAPG4\scheapCompile\models\common\CmReport.h">
      <Filter>Resource Files</Filter>
    </ClInclude>
    <ClInclude Include="D:\202211_prj_MCS_ATU_FixBug_Phase2\environment\ATU6_Output_64bit\ENV\tb\SCHEAPG4\scheapCompile\models\common\Common.h">
      <Filter>Resource Files</Filter>
    </ClInclude>
    <ClInclude Include="D:\202211_prj_MCS_ATU_FixBug_Phase2\environment\ATU6_Output_64bit\ENV\tb\SCHEAPG4\scheapCompile\models\common\DummyMaster.h">
      <Filter>Resource Files</Filter>
    </ClInclude>
    <ClInclude Include="D:\202211_prj_MCS_ATU_FixBug_Phase2\environment\ATU6_Output_64bit\ENV\tb\SCHEAPG4\scheapCompile\models\common\DummySlave.h">
      <Filter>Resource Files</Filter>
    </ClInclude>
    <ClInclude Include="D:\202211_prj_MCS_ATU_FixBug_Phase2\environment\ATU6_Output_64bit\ENV\tb\SCHEAPG4\scheapCompile\models\common\G4_CommonPrototype.h">
      <Filter>Resource Files</Filter>
    </ClInclude>
    <ClInclude Include="D:\202211_prj_MCS_ATU_FixBug_Phase2\environment\ATU6_Output_64bit\ENV\tb\SCHEAPG4\scheapCompile\models\common\global.h">
      <Filter>Resource Files</Filter>
    </ClInclude>
    <ClInclude Include="D:\202211_prj_MCS_ATU_FixBug_Phase2\environment\ATU6_Output_64bit\ENV\tb\SCHEAPG4\scheapCompile\models\common\g_reg.h">
      <Filter>Resource Files</Filter>
    </ClInclude>
    <ClInclude Include="D:\202211_prj_MCS_ATU_FixBug_Phase2\environment\ATU6_Output_64bit\ENV\tb\SCHEAPG4\scheapCompile\models\common\OrUnit.h">
      <Filter>Resource Files</Filter>
    </ClInclude>
    <ClInclude Include="D:\202211_prj_MCS_ATU_FixBug_Phase2\environment\ATU6_Output_64bit\ENV\tb\SCHEAPG4\scheapCompile\models\common\OSCI2.h">
      <Filter>Resource Files</Filter>
    </ClInclude>
    <ClInclude Include="D:\202211_prj_MCS_ATU_FixBug_Phase2\environment\ATU6_Output_64bit\ENV\tb\SCHEAPG4\scheapCompile\models\common\SELF2DEST.h">
      <Filter>Resource Files</Filter>
    </ClInclude>
    <ClInclude Include="D:\202211_prj_MCS_ATU_FixBug_Phase2\environment\ATU6_Output_64bit\ENV\tb\SCHEAPG4\scheapCompile\models\common\SELF2DEST_BASE.h">
      <Filter>Resource Files</Filter>
    </ClInclude>
    <ClInclude Include="D:\202211_prj_MCS_ATU_FixBug_Phase2\environment\ATU6_Output_64bit\ENV\tb\SCHEAPG4\scheapCompile\models\common\slct_sc_signal_ports.h">
      <Filter>Resource Files</Filter>
    </ClInclude>
    <ClInclude Include="..\..\main.h">
      <Filter>Source Files</Filter>
    </ClInclude>
    <ClInclude Include="..\..\APISS\APISS.h">
      <Filter>APISS</Filter>
    </ClInclude>
    <ClInclude Include="D:\202211_prj_MCS_ATU_FixBug_Phase2\environment\ATU6_Output_64bit\ENV\tb\SCHEAPG4\scheapCompile\models\common_bus\BACKWARD_DECODER.h">
      <Filter>common_bus</Filter>
    </ClInclude>
    <ClInclude Include="D:\202211_prj_MCS_ATU_FixBug_Phase2\environment\ATU6_Output_64bit\ENV\tb\SCHEAPG4\scheapCompile\models\common_bus\BusBridgeCoreBase.h">
      <Filter>common_bus</Filter>
    </ClInclude>
    <ClInclude Include="D:\202211_prj_MCS_ATU_FixBug_Phase2\environment\ATU6_Output_64bit\ENV\tb\SCHEAPG4\scheapCompile\models\common_bus\BusBridgeCoreLockBase.h">
      <Filter>common_bus</Filter>
    </ClInclude>
    <ClInclude Include="D:\202211_prj_MCS_ATU_FixBug_Phase2\environment\ATU6_Output_64bit\ENV\tb\SCHEAPG4\scheapCompile\models\common_bus\BusBridgeModuleBase.h">
      <Filter>common_bus</Filter>
    </ClInclude>
    <ClInclude Include="D:\202211_prj_MCS_ATU_FixBug_Phase2\environment\ATU6_Output_64bit\ENV\tb\SCHEAPG4\scheapCompile\models\common_bus\BusBridgeSlaveBase.h">
      <Filter>common_bus</Filter>
    </ClInclude>
    <ClInclude Include="D:\202211_prj_MCS_ATU_FixBug_Phase2\environment\ATU6_Output_64bit\ENV\tb\SCHEAPG4\scheapCompile\models\common_bus\BusBridgeSlaveIf.h">
      <Filter>common_bus</Filter>
    </ClInclude>
    <ClInclude Include="D:\202211_prj_MCS_ATU_FixBug_Phase2\environment\ATU6_Output_64bit\ENV\tb\SCHEAPG4\scheapCompile\models\common_bus\BusMonitorBase.h">
      <Filter>common_bus</Filter>
    </ClInclude>
    <ClInclude Include="D:\202211_prj_MCS_ATU_FixBug_Phase2\environment\ATU6_Output_64bit\ENV\tb\SCHEAPG4\scheapCompile\models\common_bus\OSCI2ARBTR.h">
      <Filter>common_bus</Filter>
    </ClInclude>
    <ClInclude Include="D:\202211_prj_MCS_ATU_FixBug_Phase2\environment\ATU6_Output_64bit\ENV\tb\SCHEAPG4\scheapCompile\models\common_bus\OSCI2DCDR.h">
      <Filter>common_bus</Filter>
    </ClInclude>
    <ClInclude Include="D:\202211_prj_MCS_ATU_FixBug_Phase2\environment\ATU6_Output_64bit\ENV\tb\SCHEAPG4\scheapCompile\models\common_bus\OSCI2DCDR_WITH_ERRSIG.h">
      <Filter>common_bus</Filter>
    </ClInclude>
    <ClInclude Include="D:\202211_prj_MCS_ATU_FixBug_Phase2\environment\ATU6_Output_64bit\ENV\tb\SCHEAPG4\scheapCompile\models\common_bus\OSCI2DCDR_WITH_ERRSIG_BASE.h">
      <Filter>common_bus</Filter>
    </ClInclude>
    <ClInclude Include="D:\202211_prj_MCS_ATU_FixBug_Phase2\environment\ATU6_Output_64bit\ENV\tb\SCHEAPG4\scheapCompile\models\common_bus\OSCI2DCDR_WITH_ERRSIG_bool.h">
      <Filter>common_bus</Filter>
    </ClInclude>
    <ClInclude Include="D:\202211_prj_MCS_ATU_FixBug_Phase2\environment\ATU6_Output_64bit\ENV\tb\SCHEAPG4\scheapCompile\models\common_bus\OSCI2DCDR_WITH_ERRSIG_Csyserrtcm.h">
      <Filter>common_bus</Filter>
    </ClInclude>
    <ClInclude Include="D:\202211_prj_MCS_ATU_FixBug_Phase2\environment\ATU6_Output_64bit\ENV\tb\SCHEAPG4\scheapCompile\models\common_bus\SPID_ADDER.h">
      <Filter>common_bus</Filter>
    </ClInclude>
  </ItemGroup>
</Project>